// !$*UTF8*$!
{
	archiveVersion = 1;
	classes = {
	};
	objectVersion = 56;
	objects = {

/* Begin PBXBuildFile section */
		6580655E2934B779002AF3D5 /* YYSwift.swift in Sources */ = {isa = PBXBuildFile; fileRef = 6580655D2934B779002AF3D5 /* YYSwift.swift */; };
		6580655F2934BC4E002AF3D5 /* DebugLibrary-Bridging-Header.h in Sources */ = {isa = PBXBuildFile; fileRef = 6580655C2934B778002AF3D5 /* DebugLibrary-Bridging-Header.h */; };
		658065602934BC6F002AF3D5 /* YYSwift.swift in CopyFiles */ = {isa = PBXBuildFile; fileRef = 6580655D2934B779002AF3D5 /* YYSwift.swift */; };
		658065612934BC6F002AF3D5 /* DebugLibrary-Bridging-Header.h in CopyFiles */ = {isa = PBXBuildFile; fileRef = 6580655C2934B778002AF3D5 /* DebugLibrary-Bridging-Header.h */; };
		659812E1291251CA001CC56D /* DebugLibrary.m in Sources */ = {isa = PBXBuildFile; fileRef = 659812E0291251CA001CC56D /* DebugLibrary.m */; };
		659812E2291251CA001CC56D /* DebugLibrary.h in CopyFiles */ = {isa = PBXBuildFile; fileRef = 659812DF291251CA001CC56D /* DebugLibrary.h */; };
		659812EE2912534E001CC56D /* NSString+librarykmm.m in Sources */ = {isa = PBXBuildFile; fileRef = 659812ED2912534E001CC56D /* NSString+librarykmm.m */; };
		659812EF2912540B001CC56D /* NSString+librarykmm.h in CopyFiles */ = {isa = PBXBuildFile; fileRef = 659812EC2912534E001CC56D /* NSString+librarykmm.h */; };
/* End PBXBuildFile section */

/* Begin PBXCopyFilesBuildPhase section */
		659812DA291251CA001CC56D /* CopyFiles */ = {
			isa = PBXCopyFilesBuildPhase;
			buildActionMask = 2147483647;
			dstPath = "include/$(PRODUCT_NAME)";
			dstSubfolderSpec = 16;
			files = (
				658065602934BC6F002AF3D5 /* YYSwift.swift in CopyFiles */,
				658065612934BC6F002AF3D5 /* DebugLibrary-Bridging-Header.h in CopyFiles */,
				659812EF2912540B001CC56D /* NSString+librarykmm.h in CopyFiles */,
				659812E2291251CA001CC56D /* DebugLibrary.h in CopyFiles */,
			);
			runOnlyForDeploymentPostprocessing = 0;
		};
/* End PBXCopyFilesBuildPhase section */

/* Begin PBXFileReference section */
		6580655C2934B778002AF3D5 /* DebugLibrary-Bridging-Header.h */ = {isa = PBXFileReference; lastKnownFileType = sourcecode.c.h; path = "DebugLibrary-Bridging-Header.h"; sourceTree = "<group>"; };
		6580655D2934B779002AF3D5 /* YYSwift.swift */ = {isa = PBXFileReference; lastKnownFileType = sourcecode.swift; path = YYSwift.swift; sourceTree = "<group>"; };
		659812DC291251CA001CC56D /* libDebugLibrary.a */ = {isa = PBXFileReference; explicitFileType = archive.ar; includeInIndex = 0; path = libDebugLibrary.a; sourceTree = BUILT_PRODUCTS_DIR; };
		659812DF291251CA001CC56D /* DebugLibrary.h */ = {isa = PBXFileReference; lastKnownFileType = sourcecode.c.h; path = DebugLibrary.h; sourceTree = "<group>"; };
		659812E0291251CA001CC56D /* DebugLibrary.m */ = {isa = PBXFileReference; lastKnownFileType = sourcecode.c.objc; path = DebugLibrary.m; sourceTree = "<group>"; };
		659812EC2912534E001CC56D /* NSString+librarykmm.h */ = {isa = PBXFileReference; lastKnownFileType = sourcecode.c.h; path = "NSString+librarykmm.h"; sourceTree = "<group>"; };
		659812ED2912534E001CC56D /* NSString+librarykmm.m */ = {isa = PBXFileReference; lastKnownFileType = sourcecode.c.objc; path = "NSString+librarykmm.m"; sourceTree = "<group>"; };
/* End PBXFileReference section */

/* Begin PBXFrameworksBuildPhase section */
		659812D9291251CA001CC56D /* Frameworks */ = {
			isa = PBXFrameworksBuildPhase;
			buildActionMask = 2147483647;
			files = (
			);
			runOnlyForDeploymentPostprocessing = 0;
		};
/* End PBXFrameworksBuildPhase section */

/* Begin PBXGroup section */
		659812D3291251CA001CC56D = {
			isa = PBXGroup;
			children = (
				659812DE291251CA001CC56D /* DebugLibrary */,
				659812DD291251CA001CC56D /* Products */,
			);
			sourceTree = "<group>";
		};
		659812DD291251CA001CC56D /* Products */ = {
			isa = PBXGroup;
			children = (
				659812DC291251CA001CC56D /* libDebugLibrary.a */,
			);
			name = Products;
			sourceTree = "<group>";
		};
		659812DE291251CA001CC56D /* DebugLibrary */ = {
			isa = PBXGroup;
			children = (
				659812DF291251CA001CC56D /* DebugLibrary.h */,
				659812E0291251CA001CC56D /* DebugLibrary.m */,
				659812EC2912534E001CC56D /* NSString+librarykmm.h */,
				659812ED2912534E001CC56D /* NSString+librarykmm.m */,
				6580655D2934B779002AF3D5 /* YYSwift.swift */,
				6580655C2934B778002AF3D5 /* DebugLibrary-Bridging-Header.h */,
			);
			path = DebugLibrary;
			sourceTree = "<group>";
		};
/* End PBXGroup section */

/* Begin PBXNativeTarget section */
		659812DB291251CA001CC56D /* DebugLibrary */ = {
			isa = PBXNativeTarget;
			buildConfigurationList = 659812E5291251CA001CC56D /* Build configuration list for PBXNativeTarget "DebugLibrary" */;
			buildPhases = (
				659812D8291251CA001CC56D /* Sources */,
				659812D9291251CA001CC56D /* Frameworks */,
				659812DA291251CA001CC56D /* CopyFiles */,
			);
			buildRules = (
			);
			dependencies = (
			);
			name = DebugLibrary;
			productName = DebugLibrary;
			productReference = 659812DC291251CA001CC56D /* libDebugLibrary.a */;
			productType = "com.apple.product-type.library.static";
		};
/* End PBXNativeTarget section */

/* Begin PBXProject section */
		659812D4291251CA001CC56D /* Project object */ = {
			isa = PBXProject;
			attributes = {
				BuildIndependentTargetsInParallel = 1;
				LastUpgradeCheck = 1400;
				TargetAttributes = {
					659812DB291251CA001CC56D = {
						CreatedOnToolsVersion = 14.0.1;
						LastSwiftMigration = 1410;
					};
				};
			};
			buildConfigurationList = 659812D7291251CA001CC56D /* Build configuration list for PBXProject "DebugLibrary" */;
			compatibilityVersion = "Xcode 14.0";
			developmentRegion = en;
			hasScannedForEncodings = 0;
			knownRegions = (
				en,
				Base,
			);
			mainGroup = 659812D3291251CA001CC56D;
			productRefGroup = 659812D3291251CA001CC56D;
			projectDirPath = "";
			projectRoot = "";
			targets = (
				659812DB291251CA001CC56D /* DebugLibrary */,
			);
		};
/* End PBXProject section */

/* Begin PBXSourcesBuildPhase section */
		659812D8291251CA001CC56D /* Sources */ = {
			isa = PBXSourcesBuildPhase;
			buildActionMask = 2147483647;
			files = (
				6580655F2934BC4E002AF3D5 /* DebugLibrary-Bridging-Header.h in Sources */,
				6580655E2934B779002AF3D5 /* YYSwift.swift in Sources */,
				659812E1291251CA001CC56D /* DebugLibrary.m in Sources */,
				659812EE2912534E001CC56D /* NSString+librarykmm.m in Sources */,
			);
			runOnlyForDeploymentPostprocessing = 0;
		};
/* End PBXSourcesBuildPhase section */

/* Begin XCBuildConfiguration section */
		659812E3291251CA001CC56D /* Debug */ = {
			isa = XCBuildConfiguration;
			buildSettings = {
				ALWAYS_SEARCH_USER_PATHS = NO;
				CLANG_ANALYZER_NONNULL = YES;
				CLANG_ANALYZER_NUMBER_OBJECT_CONVERSION = YES_AGGRESSIVE;
				CLANG_CXX_LANGUAGE_STANDARD = "gnu++20";
				CLANG_ENABLE_MODULES = YES;
				CLANG_ENABLE_OBJC_ARC = YES;
				CLANG_ENABLE_OBJC_WEAK = YES;
				CLANG_WARN_BLOCK_CAPTURE_AUTORELEASING = YES;
				CLANG_WARN_BOOL_CONVERSION = YES;
				CLANG_WARN_COMMA = YES;
				CLANG_WARN_CONSTANT_CONVERSION = YES;
				CLANG_WARN_DEPRECATED_OBJC_IMPLEMENTATIONS = YES;
				CLANG_WARN_DIRECT_OBJC_ISA_USAGE = YES_ERROR;
				CLANG_WARN_DOCUMENTATION_COMMENTS = YES;
				CLANG_WARN_EMPTY_BODY = YES;
				CLANG_WARN_ENUM_CONVERSION = YES;
				CLANG_WARN_INFINITE_RECURSION = YES;
				CLANG_WARN_INT_CONVERSION = YES;
				CLANG_WARN_NON_LITERAL_NULL_CONVERSION = YES;
				CLANG_WARN_OBJC_IMPLICIT_RETAIN_SELF = YES;
				CLANG_WARN_OBJC_LITERAL_CONVERSION = YES;
				CLANG_WARN_OBJC_ROOT_CLASS = YES_ERROR;
				CLANG_WARN_QUOTED_INCLUDE_IN_FRAMEWORK_HEADER = YES;
				CLANG_WARN_RANGE_LOOP_ANALYSIS = YES;
				CLANG_WARN_STRICT_PROTOTYPES = YES;
				CLANG_WARN_SUSPICIOUS_MOVE = YES;
				CLANG_WARN_UNGUARDED_AVAILABILITY = YES_AGGRESSIVE;
				CLANG_WARN_UNREACHABLE_CODE = YES;
				CLANG_WARN__DUPLICATE_METHOD_MATCH = YES;
				COPY_PHASE_STRIP = NO;
				DEBUG_INFORMATION_FORMAT = dwarf;
				ENABLE_STRICT_OBJC_MSGSEND = YES;
				ENABLE_TESTABILITY = YES;
				GCC_C_LANGUAGE_STANDARD = gnu11;
				GCC_DYNAMIC_NO_PIC = NO;
				GCC_NO_COMMON_BLOCKS = YES;
				GCC_OPTIMIZATION_LEVEL = 0;
				GCC_PREPROCESSOR_DEFINITIONS = (
					"DEBUG=1",
					"$(inherited)",
				);
				GCC_WARN_64_TO_32_BIT_CONVERSION = YES;
				GCC_WARN_ABOUT_RETURN_TYPE = YES_ERROR;
				GCC_WARN_UNDECLARED_SELECTOR = YES;
				GCC_WARN_UNINITIALIZED_AUTOS = YES_AGGRESSIVE;
				GCC_WARN_UNUSED_FUNCTION = YES;
				GCC_WARN_UNUSED_VARIABLE = YES;
				IPHONEOS_DEPLOYMENT_TARGET = 11.0;
				MTL_ENABLE_DEBUG_INFO = INCLUDE_SOURCE;
				MTL_FAST_MATH = YES;
				ONLY_ACTIVE_ARCH = YES;
				SDKROOT = iphoneos;
			};
			name = Debug;
		};
		659812E4291251CA001CC56D /* Release */ = {
			isa = XCBuildConfiguration;
			buildSettings = {
				ALWAYS_SEARCH_USER_PATHS = NO;
				CLANG_ANALYZER_NONNULL = YES;
				CLANG_ANALYZER_NUMBER_OBJECT_CONVERSION = YES_AGGRESSIVE;
				CLANG_CXX_LANGUAGE_STANDARD = "gnu++20";
				CLANG_ENABLE_MODULES = YES;
				CLANG_ENABLE_OBJC_ARC = YES;
				CLANG_ENABLE_OBJC_WEAK = YES;
				CLANG_WARN_BLOCK_CAPTURE_AUTORELEASING = YES;
				CLANG_WARN_BOOL_CONVERSION = YES;
				CLANG_WARN_COMMA = YES;
				CLANG_WARN_CONSTANT_CONVERSION = YES;
				CLANG_WARN_DEPRECATED_OBJC_IMPLEMENTATIONS = YES;
				CLANG_WARN_DIRECT_OBJC_ISA_USAGE = YES_ERROR;
				CLANG_WARN_DOCUMENTATION_COMMENTS = YES;
				CLANG_WARN_EMPTY_BODY = YES;
				CLANG_WARN_ENUM_CONVERSION = YES;
				CLANG_WARN_INFINITE_RECURSION = YES;
				CLANG_WARN_INT_CONVERSION = YES;
				CLANG_WARN_NON_LITERAL_NULL_CONVERSION = YES;
				CLANG_WARN_OBJC_IMPLICIT_RETAIN_SELF = YES;
				CLANG_WARN_OBJC_LITERAL_CONVERSION = YES;
				CLANG_WARN_OBJC_ROOT_CLASS = YES_ERROR;
				CLANG_WARN_QUOTED_INCLUDE_IN_FRAMEWORK_HEADER = YES;
				CLANG_WARN_RANGE_LOOP_ANALYSIS = YES;
				CLANG_WARN_STRICT_PROTOTYPES = YES;
				CLANG_WARN_SUSPICIOUS_MOVE = YES;
				CLANG_WARN_UNGUARDED_AVAILABILITY = YES_AGGRESSIVE;
				CLANG_WARN_UNREACHABLE_CODE = YES;
				CLANG_WARN__DUPLICATE_METHOD_MATCH = YES;
				COPY_PHASE_STRIP = NO;
				DEBUG_INFORMATION_FORMAT = "dwarf-with-dsym";
				ENABLE_NS_ASSERTIONS = NO;
				ENABLE_STRICT_OBJC_MSGSEND = YES;
				GCC_C_LANGUAGE_STANDARD = gnu11;
				GCC_NO_COMMON_BLOCKS = YES;
				GCC_WARN_64_TO_32_BIT_CONVERSION = YES;
				GCC_WARN_ABOUT_RETURN_TYPE = YES_ERROR;
				GCC_WARN_UNDECLARED_SELECTOR = YES;
				GCC_WARN_UNINITIALIZED_AUTOS = YES_AGGRESSIVE;
				GCC_WARN_UNUSED_FUNCTION = YES;
				GCC_WARN_UNUSED_VARIABLE = YES;
				IPHONEOS_DEPLOYMENT_TARGET = 11.0;
				MTL_ENABLE_DEBUG_INFO = NO;
				MTL_FAST_MATH = YES;
				SDKROOT = iphoneos;
				VALIDATE_PRODUCT = YES;
			};
			name = Release;
		};
		659812E6291251CA001CC56D /* Debug */ = {
			isa = XCBuildConfiguration;
			buildSettings = {
				CLANG_ENABLE_MODULES = YES;
				CODE_SIGN_STYLE = Automatic;
				DEFINES_MODULE = YES;
				LD_RUNPATH_SEARCH_PATHS = (
					"$(inherited)",
					"@executable_path/Frameworks",
					"@loader_path/Frameworks",
				);
				OTHER_LDFLAGS = "-ObjC";
				PRODUCT_NAME = "$(TARGET_NAME)";
				SKIP_INSTALL = YES;
				SWIFT_OBJC_BRIDGING_HEADER = "DebugLibrary/DebugLibrary-Bridging-Header.h";
				SWIFT_OPTIMIZATION_LEVEL = "-Onone";
				SWIFT_VERSION = 5.0;
				TARGETED_DEVICE_FAMILY = "1,2";
			};
			name = Debug;
		};
		659812E7291251CA001CC56D /* Release */ = {
			isa = XCBuildConfiguration;
			buildSettings = {
				CLANG_ENABLE_MODULES = YES;
				CODE_SIGN_STYLE = Automatic;
				DEFINES_MODULE = YES;
				LD_RUNPATH_SEARCH_PATHS = (
					"$(inherited)",
					"@executable_path/Frameworks",
					"@loader_path/Frameworks",
				);
				OTHER_LDFLAGS = "-ObjC";
				PRODUCT_NAME = "$(TARGET_NAME)";
				SKIP_INSTALL = YES;
				SWIFT_OBJC_BRIDGING_HEADER = "DebugLibrary/DebugLibrary-Bridging-Header.h";
				SWIFT_VERSION = 5.0;
				TARGETED_DEVICE_FAMILY = "1,2";
			};
			name = Release;
		};
/* End XCBuildConfiguration section */

/* Begin XCConfigurationList section */
		659812D7291251CA001CC56D /* Build configuration list for PBXProject "DebugLibrary" */ = {
			isa = XCConfigurationList;
			buildConfigurations = (
				659812E3291251CA001CC56D /* Debug */,
				659812E4291251CA001CC56D /* Release */,
			);
			defaultConfigurationIsVisible = 0;
			defaultConfigurationName = Release;
		};
		659812E5291251CA001CC56D /* Build configuration list for PBXNativeTarget "DebugLibrary" */ = {
			isa = XCConfigurationList;
			buildConfigurations = (
				659812E6291251CA001CC56D /* Debug */,
				659812E7291251CA001CC56D /* Release */,
			);
			defaultConfigurationIsVisible = 0;
			defaultConfigurationName = Release;
		};
/* End XCConfigurationList section */
	};
	rootObject = 659812D4291251CA001CC56D /* Project object */;
}
